{
  "name": "OSC-Playground",
  "version": "1.0.0",
  "lockfileVersion": 1,
  "requires": true,
  "dependencies": {
    "@mohayonao/launch-control": {
      "version": "0.5.0",
      "resolved": "https://registry.npmjs.org/@mohayonao/launch-control/-/launch-control-0.5.0.tgz",
      "integrity": "sha512-EsrAAjfi+V1uaGZX6+NM4WEuY7exJemLbG505UQC3fs2qklL5hymUfHQAHJXISgKkoKlpWyZPacRSBw2lUcJMQ==",
      "requires": {
        "@mohayonao/midi-device": "^0.5.0",
        "xtend": "^4.0.1"
      }
    },
    "@mohayonao/midi-device": {
      "version": "0.5.0",
      "resolved": "https://registry.npmjs.org/@mohayonao/midi-device/-/midi-device-0.5.0.tgz",
      "integrity": "sha512-5tqsoDVgLjngV0IppOBhSQ6uiuEstNep9JjXxw53VN5Z82pO08HgD+9dtaR0FKNSLZIz7YDCsC4fyZ8kI+3TWA==",
      "requires": {
        "midi": "^0.9.5",
        "synchronizer": "^0.1.0"
      }
    },
    "bindings": {
      "version": "1.2.1",
      "resolved": "https://registry.npmjs.org/bindings/-/bindings-1.2.1.tgz",
      "integrity": "sha1-FK1hE4EtLTfXLme0ystLtyZQXxE="
    },
    "midi": {
      "version": "0.9.5",
      "resolved": "https://registry.npmjs.org/midi/-/midi-0.9.5.tgz",
      "integrity": "sha1-/DI6/z6BsNQJnK7q1TW6Z5xunYg=",
      "requires": {
        "bindings": "~1.2.1",
        "nan": "^2.3.3"
      }
    },
    "nan": {
      "version": "2.14.2",
      "resolved": "https://registry.npmjs.org/nan/-/nan-2.14.2.tgz",
      "integrity": "sha512-M2ufzIiINKCuDfBSAUr1vWQ+vuVcA9kqx8JJUsbQi6yf1uGRyb7HfpdfUr5qLXf3B/t8dPvcjhKMmlfnP47EzQ=="
    },
    "synchronizer": {
      "version": "0.1.0",
      "resolved": "https://registry.npmjs.org/synchronizer/-/synchronizer-0.1.0.tgz",
      "integrity": "sha1-ycKYf1J4c9m3YbMrO4vraTwUHWY="
    },
    "xtend": {
      "version": "4.0.2",
      "resolved": "https://registry.npmjs.org/xtend/-/xtend-4.0.2.tgz",
      "integrity": "sha512-LKYU1iAXJXUgAXn9URjiu+MWhyUXHsvfp7mcuYm9dSUKK0/CjtrUwFAxD82/mCWbtLsGjFIad0wIsod4zrTAEQ=="
    }
  }
}
